
Microsoft Visual Studio Solution File, Format Version 12.00
# Visual Studio Version 16
VisualStudioVersion = 16.0.31005.135
MinimumVisualStudioVersion = 10.0.40219.1
Project("{F2A71F9B-5D33-465A-A702-920D77279786}") = "UsingMapAndFilterAndFold", "UsingMapAndFilterAndFold\UsingMapAndFilterAndFold.fsproj", "{90855111-1A48-4541-80FE-D6489FB6C3F0}"
EndProject
Project("{F2A71F9B-5D33-465A-A702-920D77279786}") = "UsingMapAndFilterAndFoldTest", "UsingMapAndFilterAndFoldTest\UsingMapAndFilterAndFoldTest.fsproj", "{BBF621C8-DD67-47D1-B733-97D778D9FBF2}"
EndProject
Global
	GlobalSection(SolutionConfigurationPlatforms) = preSolution
		Debug|Any CPU = Debug|Any CPU
		Release|Any CPU = Release|Any CPU
	EndGlobalSection
	GlobalSection(ProjectConfigurationPlatforms) = postSolution
		{90855111-1A48-4541-80FE-D6489FB6C3F0}.Debug|Any CPU.ActiveCfg = Debug|Any CPU
		{90855111-1A48-4541-80FE-D6489FB6C3F0}.Debug|Any CPU.Build.0 = Debug|Any CPU
		{90855111-1A48-4541-80FE-D6489FB6C3F0}.Release|Any CPU.ActiveCfg = Release|Any CPU
		{90855111-1A48-4541-80FE-D6489FB6C3F0}.Release|Any CPU.Build.0 = Release|Any CPU
		{BBF621C8-DD67-47D1-B733-97D778D9FBF2}.Debug|Any CPU.ActiveCfg = Debug|Any CPU
		{BBF621C8-DD67-47D1-B733-97D778D9FBF2}.Debug|Any CPU.Build.0 = Debug|Any CPU
		{BBF621C8-DD67-47D1-B733-97D778D9FBF2}.Release|Any CPU.ActiveCfg = Release|Any CPU
		{BBF621C8-DD67-47D1-B733-97D778D9FBF2}.Release|Any CPU.Build.0 = Release|Any CPU
	EndGlobalSection
	GlobalSection(SolutionProperties) = preSolution
		HideSolutionNode = FALSE
	EndGlobalSection
	GlobalSection(ExtensibilityGlobals) = postSolution
		SolutionGuid = {BE4F726A-89E6-485B-8C6B-56BF86220E98}
	EndGlobalSection
EndGlobal
